
Microsoft Visual Studio Solution File, Format Version 12.00
# Visual Studio Version 16
VisualStudioVersion = 16.0.33801.447
MinimumVisualStudioVersion = 10.0.40219.1
Project("{8BC9CEB8-8B4A-11D0-8D11-00A0C91BC942}") = "Client", "Client\Default\Client.vcxproj", "{ADC57135-FCF2-4A95-84A4-A59536099786}"
EndProject
Project("{8BC9CEB8-8B4A-11D0-8D11-00A0C91BC942}") = "Engine", "Engine\Default\Engine.vcxproj", "{F51B0E97-B2C0-41A5-8A0A-1855932260E7}"
EndProject
Project("{8BC9CEB8-8B4A-11D0-8D11-00A0C91BC942}") = "Server", "Server\Default\Server.vcxproj", "{F725D515-9FA6-48A5-9BDB-220C75AE22F1}"
EndProject
Global
	GlobalSection(SolutionConfigurationPlatforms) = preSolution
		Debug|x64 = Debug|x64
		Debug|x86 = Debug|x86
		Release|x64 = Release|x64
		Release|x86 = Release|x86
	EndGlobalSection
	GlobalSection(ProjectConfigurationPlatforms) = postSolution
		{ADC57135-FCF2-4A95-84A4-A59536099786}.Debug|x64.ActiveCfg = Debug|x64
		{ADC57135-FCF2-4A95-84A4-A59536099786}.Debug|x64.Build.0 = Debug|x64
		{ADC57135-FCF2-4A95-84A4-A59536099786}.Debug|x86.ActiveCfg = Debug|Win32
		{ADC57135-FCF2-4A95-84A4-A59536099786}.Debug|x86.Build.0 = Debug|Win32
		{ADC57135-FCF2-4A95-84A4-A59536099786}.Release|x64.ActiveCfg = Release|x64
		{ADC57135-FCF2-4A95-84A4-A59536099786}.Release|x64.Build.0 = Release|x64
		{ADC57135-FCF2-4A95-84A4-A59536099786}.Release|x86.ActiveCfg = Release|Win32
		{ADC57135-FCF2-4A95-84A4-A59536099786}.Release|x86.Build.0 = Release|Win32
		{F51B0E97-B2C0-41A5-8A0A-1855932260E7}.Debug|x64.ActiveCfg = Debug|x64
		{F51B0E97-B2C0-41A5-8A0A-1855932260E7}.Debug|x64.Build.0 = Debug|x64
		{F51B0E97-B2C0-41A5-8A0A-1855932260E7}.Debug|x86.ActiveCfg = Debug|Win32
		{F51B0E97-B2C0-41A5-8A0A-1855932260E7}.Debug|x86.Build.0 = Debug|Win32
		{F51B0E97-B2C0-41A5-8A0A-1855932260E7}.Release|x64.ActiveCfg = Release|x64
		{F51B0E97-B2C0-41A5-8A0A-1855932260E7}.Release|x64.Build.0 = Release|x64
		{F51B0E97-B2C0-41A5-8A0A-1855932260E7}.Release|x86.ActiveCfg = Release|Win32
		{F51B0E97-B2C0-41A5-8A0A-1855932260E7}.Release|x86.Build.0 = Release|Win32
		{F725D515-9FA6-48A5-9BDB-220C75AE22F1}.Debug|x64.ActiveCfg = Debug|x64
		{F725D515-9FA6-48A5-9BDB-220C75AE22F1}.Debug|x64.Build.0 = Debug|x64
		{F725D515-9FA6-48A5-9BDB-220C75AE22F1}.Debug|x86.ActiveCfg = Debug|Win32
		{F725D515-9FA6-48A5-9BDB-220C75AE22F1}.Debug|x86.Build.0 = Debug|Win32
		{F725D515-9FA6-48A5-9BDB-220C75AE22F1}.Release|x64.ActiveCfg = Release|x64
		{F725D515-9FA6-48A5-9BDB-220C75AE22F1}.Release|x64.Build.0 = Release|x64
		{F725D515-9FA6-48A5-9BDB-220C75AE22F1}.Release|x86.ActiveCfg = Release|Win32
		{F725D515-9FA6-48A5-9BDB-220C75AE22F1}.Release|x86.Build.0 = Release|Win32
	EndGlobalSection
	GlobalSection(SolutionProperties) = preSolution
		HideSolutionNode = FALSE
	EndGlobalSection
	GlobalSection(ExtensibilityGlobals) = postSolution
		SolutionGuid = {2009278F-7914-4B10-86B3-F78F366C0092}
	EndGlobalSection
EndGlobal
