<?xml version="1.0" encoding="utf-8"?>
<Project ToolsVersion="4.0" xmlns="http://schemas.microsoft.com/developer/msbuild/2003">
  <ItemGroup>
    <Filter Include="99. Defines">
      <UniqueIdentifier>{063052ac-77d5-4c6b-96ee-c3a906ba45c1}</UniqueIdentifier>
    </Filter>
    <Filter Include="98. Default">
      <UniqueIdentifier>{eb40a4dc-319b-4b91-91c9-45ee3111e7ef}</UniqueIdentifier>
    </Filter>
    <Filter Include="95. Network">
      <UniqueIdentifier>{21cf62bc-d906-4185-aede-81955347de27}</UniqueIdentifier>
    </Filter>
    <Filter Include="95. Network\Protocol">
      <UniqueIdentifier>{1de9c841-a201-42e1-b675-44b7e8f74548}</UniqueIdentifier>
    </Filter>
    <Filter Include="00. MainApp_Server">
      <UniqueIdentifier>{a5b048b5-5463-4af6-95ea-7bece1fd29f1}</UniqueIdentifier>
    </Filter>
    <Filter Include="01. Levels">
      <UniqueIdentifier>{52d1a9fe-206b-4c56-88b5-ce80de83f725}</UniqueIdentifier>
    </Filter>
    <Filter Include="01. Levels\99. Loading">
      <UniqueIdentifier>{80b29a0c-cb8e-43a1-83ea-53f351c59373}</UniqueIdentifier>
    </Filter>
    <Filter Include="01. Levels\99. Loading\Loader">
      <UniqueIdentifier>{824118e0-0372-47fb-886f-88195b1a3c31}</UniqueIdentifier>
    </Filter>
    <Filter Include="02. GameObject">
      <UniqueIdentifier>{e6acfe3e-72f9-4368-8ed3-aa4470894b12}</UniqueIdentifier>
    </Filter>
    <Filter Include="02. GameObject\01. Player">
      <UniqueIdentifier>{5eaa949c-d310-4f07-9a91-59d4fecd8666}</UniqueIdentifier>
    </Filter>
    <Filter Include="02. GameObject\02. Camera">
      <UniqueIdentifier>{f90666d0-8a70-4ee3-ac1c-8e5ce9b7adf2}</UniqueIdentifier>
    </Filter>
    <Filter Include="02. GameObject\03. Monster">
      <UniqueIdentifier>{e98a3723-7492-4adb-956d-037e6e051d76}</UniqueIdentifier>
    </Filter>
    <Filter Include="02. GameObject\04. Boss">
      <UniqueIdentifier>{e63e4bc0-f32e-476a-9239-bb58d366c947}</UniqueIdentifier>
    </Filter>
    <Filter Include="02. GameObject\05. Skill">
      <UniqueIdentifier>{a23ec4bd-fdd6-4eb7-971d-015c8c362160}</UniqueIdentifier>
    </Filter>
    <Filter Include="03. Event">
      <UniqueIdentifier>{b95de2b2-9bf8-4ec7-b6f5-a42ec9bf466d}</UniqueIdentifier>
    </Filter>
    <Filter Include="01. Levels\02. Bern">
      <UniqueIdentifier>{64f0e584-ebe1-459f-ab78-add519f83806}</UniqueIdentifier>
    </Filter>
    <Filter Include="02. GameObject\03. Monster">
      <UniqueIdentifier>{e98a3723-7492-4adb-956d-037e6e051d76}</UniqueIdentifier>
    </Filter>
    <Filter Include="02. GameObject\03. Monster\Monster_Zombie">
      <UniqueIdentifier>{a4c3a46e-c1ae-48ab-8161-8a4cbd126616}</UniqueIdentifier>
    </Filter>
    <Filter Include="02. GameObject\03. Monster\Monster_Zombie\Behavior">
      <UniqueIdentifier>{4429e29d-9001-41f0-84e2-ebb1bc673279}</UniqueIdentifier>
    </Filter>
    <Filter Include="02. GameObject\03. Monster\Monster_Zombie\Behavior\Action">
      <UniqueIdentifier>{53881962-6337-45b2-87ce-33e1db211e09}</UniqueIdentifier>
    </Filter>
    <Filter Include="02. GameObject\03. Monster\Monster_Plant">
      <UniqueIdentifier>{d966246a-08f5-4214-b7e8-8f5082ee0dae}</UniqueIdentifier>
    </Filter>
    <Filter Include="02. GameObject\03. Monster\Monster_Plant\Behavior">
      <UniqueIdentifier>{402acb20-529b-42f4-b91f-9d5a2440d8d3}</UniqueIdentifier>
    </Filter>
    <Filter Include="02. GameObject\03. Monster\CommonBehavior">
      <UniqueIdentifier>{de1bccec-b1a5-4277-997e-f7de8c4d8bb7}</UniqueIdentifier>
    </Filter>
    <Filter Include="02. GameObject\03. Monster\CommonBehavior\Action">
      <UniqueIdentifier>{2e5787b3-9df5-44d3-9067-38fad434409c}</UniqueIdentifier>
    </Filter>
    <Filter Include="02. GameObject\03. Monster\CommonBehavior\Decorator">
      <UniqueIdentifier>{cb25f060-491e-43e5-9111-7fc86eb199cb}</UniqueIdentifier>
    </Filter>
    <Filter Include="02. GameObject\03. Monster\Monster_Golem">
      <UniqueIdentifier>{7172f3dc-b26f-40a2-9dd7-db769380b0c8}</UniqueIdentifier>
    </Filter>
    <Filter Include="02. GameObject\03. Monster\Monster_Golem\Behavior">
      <UniqueIdentifier>{bad3a2da-5ebc-4b55-a789-748668d37861}</UniqueIdentifier>
    </Filter>
    <Filter Include="02. GameObject\03. Monster\Monster_Ghoul">
      <UniqueIdentifier>{b6995a6a-dffc-4d50-8916-5c3d858cd0bb}</UniqueIdentifier>
    </Filter>
    <Filter Include="02. GameObject\03. Monster\Monster_Ghoul\Behavior">
      <UniqueIdentifier>{09e78d27-c4c6-4063-aacb-201c12150ee8}</UniqueIdentifier>
    </Filter>
    <Filter Include="02. GameObject\03. Monster\Monster_Reaper">
      <UniqueIdentifier>{f2955bd9-3d80-4ace-84ed-68ef7bdca446}</UniqueIdentifier>
    </Filter>
    <Filter Include="02. GameObject\03. Monster\Monster_Reaper\Behavior">
      <UniqueIdentifier>{b20cad63-b00c-40a1-b402-47dfea2aaf9b}</UniqueIdentifier>
    </Filter>
    <Filter Include="02. GameObject\04. Boss\King">
      <UniqueIdentifier>{53a31b71-4978-4350-a4c8-4b9ce724c550}</UniqueIdentifier>
    </Filter>
    <Filter Include="02. GameObject\04. Boss\Behavior">
      <UniqueIdentifier>{8c41d4ed-02d9-4110-99b5-c7a518e94905}</UniqueIdentifier>
    </Filter>
  </ItemGroup>
  <ItemGroup>
    <ClCompile Include="Server.cpp">
      <Filter>98. Default</Filter>
    </ClCompile>
    <ClCompile Include="stdafx.cpp">
      <Filter>98. Default</Filter>
    </ClCompile>
    <ClCompile Include="..\Private\Enum.pb.cc">
      <Filter>95. Network\Protocol</Filter>
    </ClCompile>
    <ClCompile Include="..\Private\Protocol.pb.cc">
      <Filter>95. Network\Protocol</Filter>
    </ClCompile>
    <ClCompile Include="..\Private\Struct.pb.cc">
      <Filter>95. Network\Protocol</Filter>
    </ClCompile>
    <ClCompile Include="..\Private\MainApp_Server.cpp">
      <Filter>00. MainApp_Server</Filter>
    </ClCompile>
    <ClCompile Include="..\Private\GameSession.cpp">
      <Filter>95. Network</Filter>
    </ClCompile>
    <ClCompile Include="..\Private\GameSessionManager.cpp">
      <Filter>95. Network</Filter>
    </ClCompile>
    <ClCompile Include="..\Private\ServerPacketHandler.cpp">
      <Filter>95. Network</Filter>
    </ClCompile>
    <ClCompile Include="..\Private\Level_Loading_Server.cpp">
      <Filter>01. Levels\99. Loading</Filter>
    </ClCompile>
    <ClCompile Include="..\Private\Loader_Server.cpp">
      <Filter>01. Levels\99. Loading\Loader</Filter>
    </ClCompile>
    <ClCompile Include="..\Private\Level_Bern_Server.cpp">
      <Filter>01. Levels\02. Bern</Filter>
    </ClCompile>
    <ClCompile Include="..\Private\Player_Server.cpp">
      <Filter>02. GameObject\01. Player</Filter>
    </ClCompile>
    <ClCompile Include="..\Private\Camera_Free_Server.cpp">
      <Filter>02. GameObject\02. Camera</Filter>
    </ClCompile>
    <ClCompile Include="..\Private\Monster_Server.cpp">
      <Filter>02. GameObject\03. Monster</Filter>
    </ClCompile>
    <ClCompile Include="..\Private\Boss_Server.cpp">
      <Filter>02. GameObject\04. Boss</Filter>
    </ClCompile>
    <ClCompile Include="..\Private\Skill_Server.cpp">
      <Filter>02. GameObject\05. Skill</Filter>
    </ClCompile>
    <ClCompile Include="..\Private\ServerEvent.cpp">
      <Filter>03. Event</Filter>
    </ClCompile>
    <ClCompile Include="..\Private\Monster_Zombie_Server.cpp">
      <Filter>02. GameObject\03. Monster\Monster_Zombie</Filter>
    </ClCompile>
    <ClCompile Include="..\Private\Zombie_BT_Attack2_Server.cpp">
      <Filter>02. GameObject\03. Monster\Monster_Zombie\Behavior\Action</Filter>
    </ClCompile>
    <ClCompile Include="..\Private\Level_Loading_Server.cpp">
      <Filter>01. Levels\99. Loading</Filter>
    </ClCompile>
    <ClCompile Include="..\Private\Monster_Plant_Server.cpp">
      <Filter>02. GameObject\03. Monster\Monster_Plant</Filter>
    </ClCompile>
    <ClCompile Include="..\Private\Common_BT_Attack1_Server.cpp">
      <Filter>02. GameObject\03. Monster\CommonBehavior\Action</Filter>
    </ClCompile>
    <ClCompile Include="..\Private\Common_BT_BattleIdle_Server.cpp">
      <Filter>02. GameObject\03. Monster\CommonBehavior\Action</Filter>
    </ClCompile>
    <ClCompile Include="..\Private\Common_BT_Chase_Server.cpp">
      <Filter>02. GameObject\03. Monster\CommonBehavior\Action</Filter>
    </ClCompile>
    <ClCompile Include="..\Private\Common_BT_DamageLeft_Server.cpp">
      <Filter>02. GameObject\03. Monster\CommonBehavior\Action</Filter>
    </ClCompile>
    <ClCompile Include="..\Private\Common_BT_DamageRight_Server.cpp">
      <Filter>02. GameObject\03. Monster\CommonBehavior\Action</Filter>
    </ClCompile>
    <ClCompile Include="..\Private\Common_BT_Dead_Server.cpp">
      <Filter>02. GameObject\03. Monster\CommonBehavior\Action</Filter>
    </ClCompile>
    <ClCompile Include="..\Private\Common_BT_Idle_Server.cpp">
      <Filter>02. GameObject\03. Monster\CommonBehavior\Action</Filter>
    </ClCompile>
    <ClCompile Include="..\Private\Common_BT_Move_Server.cpp">
      <Filter>02. GameObject\03. Monster\CommonBehavior\Action</Filter>
    </ClCompile>
    <ClCompile Include="..\Private\Common_BT_Spawn_Server.cpp">
      <Filter>02. GameObject\03. Monster\CommonBehavior\Action</Filter>
    </ClCompile>
    <ClCompile Include="..\Private\Common_BT_Maz_Server.cpp">
      <Filter>02. GameObject\03. Monster\CommonBehavior\Action</Filter>
    </ClCompile>
    <ClCompile Include="..\Private\Plant_BT_Attack_Shake_Server.cpp">
      <Filter>02. GameObject\03. Monster\Monster_Plant\Behavior</Filter>
    </ClCompile>
    <ClCompile Include="..\Private\Plant_BT_Attack_Root_Server.cpp">
      <Filter>02. GameObject\03. Monster\Monster_Plant\Behavior</Filter>
    </ClCompile>
    <ClCompile Include="..\Private\Monster_Golem_Server.cpp">
      <Filter>02. GameObject\03. Monster\Monster_Golem</Filter>
    </ClCompile>
    <ClCompile Include="..\Private\Golem_BT_Attack_Jump_Server.cpp">
      <Filter>02. GameObject\03. Monster\Monster_Golem\Behavior</Filter>
    </ClCompile>
    <ClCompile Include="..\Private\Golem_BT_Attack_Swipe_Server.cpp">
      <Filter>02. GameObject\03. Monster\Monster_Golem\Behavior</Filter>
    </ClCompile>
    <ClCompile Include="..\Private\Golem_BT_Attack_Charge_Punch_Server.cpp">
      <Filter>02. GameObject\03. Monster\Monster_Golem\Behavior</Filter>
    </ClCompile>
    <ClCompile Include="..\Private\Monster_Ghoul_Server.cpp">
      <Filter>02. GameObject\03. Monster\Monster_Ghoul</Filter>
    </ClCompile>
    <ClCompile Include="..\Private\Ghoul_BT_Attack_3_Server.cpp">
      <Filter>02. GameObject\03. Monster\Monster_Ghoul\Behavior</Filter>
    </ClCompile>
    <ClCompile Include="..\Private\Ghoul_BT_Attack_2_Server.cpp">
      <Filter>02. GameObject\03. Monster\Monster_Ghoul\Behavior</Filter>
    </ClCompile>
    <ClCompile Include="..\Private\Ghoul_BT_Attack_1_Server.cpp">
      <Filter>02. GameObject\03. Monster\Monster_Ghoul\Behavior</Filter>
    </ClCompile>
    <ClCompile Include="..\Private\Golem_BT_Attack_Dash_Server.cpp">
      <Filter>02. GameObject\03. Monster\Monster_Golem\Behavior</Filter>
    </ClCompile>
    <ClCompile Include="..\Private\Golem_BT_Chase_Server.cpp">
      <Filter>02. GameObject\03. Monster\Monster_Golem\Behavior</Filter>
    </ClCompile>
    <ClCompile Include="..\Private\Monster_Reaper_Server.cpp">
      <Filter>02. GameObject\03. Monster\Monster_Reaper</Filter>
    </ClCompile>
    <ClCompile Include="..\Private\Reaper_BT_Attack1_Server.cpp">
      <Filter>02. GameObject\03. Monster\Monster_Reaper\Behavior</Filter>
    </ClCompile>
    <ClCompile Include="..\Private\Reaper_BT_Attack2_Server.cpp">
      <Filter>02. GameObject\03. Monster\Monster_Reaper\Behavior</Filter>
    </ClCompile>
    <ClCompile Include="..\Private\Reaper_BT_Attack3_Server.cpp">
      <Filter>02. GameObject\03. Monster\Monster_Reaper\Behavior</Filter>
    </ClCompile>
    <ClCompile Include="..\Private\Boss_King_Server.cpp">
      <Filter>02. GameObject\04. Boss\King</Filter>
    </ClCompile>
    <ClCompile Include="..\Private\King_BT_Attack_Erruption_Server.cpp">
      <Filter>02. GameObject\04. Boss\Behavior</Filter>
    </ClCompile>
    <ClCompile Include="..\Private\King_BT_Attack_Charge_Swing_Server.cpp">
      <Filter>02. GameObject\04. Boss\Behavior</Filter>
    </ClCompile>
    <ClCompile Include="..\Private\King_BT_Attack_Attack2_Server.cpp">
      <Filter>02. GameObject\04. Boss\Behavior</Filter>
    </ClCompile>
    <ClCompile Include="..\Private\King_BT_Attack_Attack3_Server.cpp">
      <Filter>02. GameObject\04. Boss\Behavior</Filter>
    </ClCompile>
    <ClCompile Include="..\Private\King_BT_Attack_Attack4_Server.cpp">
      <Filter>02. GameObject\04. Boss\Behavior</Filter>
    </ClCompile>
  </ItemGroup>
  <ItemGroup>
    <ClInclude Include="stdafx.h">
      <Filter>98. Default</Filter>
    </ClInclude>
    <ClInclude Include="..\Public\Enum.pb.h">
      <Filter>95. Network\Protocol</Filter>
    </ClInclude>
    <ClInclude Include="..\Public\Protocol.pb.h">
      <Filter>95. Network\Protocol</Filter>
    </ClInclude>
    <ClInclude Include="..\Public\Struct.pb.h">
      <Filter>95. Network\Protocol</Filter>
    </ClInclude>
    <ClInclude Include="..\Public\Server_Defines.h">
      <Filter>99. Defines</Filter>
    </ClInclude>
    <ClInclude Include="..\Public\MainApp_Server.h">
      <Filter>00. MainApp_Server</Filter>
    </ClInclude>
    <ClInclude Include="..\Public\GameSession.h">
      <Filter>95. Network</Filter>
    </ClInclude>
    <ClInclude Include="..\Public\GameSessionManager.h">
      <Filter>95. Network</Filter>
    </ClInclude>
    <ClInclude Include="..\Public\ServerPacketHandler.h">
      <Filter>95. Network</Filter>
    </ClInclude>
    <ClInclude Include="..\Public\Level_Loading_Server.h">
      <Filter>01. Levels\99. Loading</Filter>
    </ClInclude>
    <ClInclude Include="..\Public\Loader_Server.h">
      <Filter>01. Levels\99. Loading\Loader</Filter>
    </ClInclude>
    <ClInclude Include="..\Public\Level_Bern_Server.h">
      <Filter>01. Levels\02. Bern</Filter>
    </ClInclude>
    <ClInclude Include="..\Public\Player_Server.h">
      <Filter>02. GameObject\01. Player</Filter>
    </ClInclude>
    <ClInclude Include="..\Public\Camera_Free_Server.h">
      <Filter>02. GameObject\02. Camera</Filter>
    </ClInclude>
    <ClInclude Include="..\Public\Monster_Server.h">
      <Filter>02. GameObject\03. Monster</Filter>
    </ClInclude>
    <ClInclude Include="..\Public\Boss_Server.h">
      <Filter>02. GameObject\04. Boss</Filter>
    </ClInclude>
    <ClInclude Include="..\Public\Skill_Server.h">
      <Filter>02. GameObject\05. Skill</Filter>
    </ClInclude>
    <ClInclude Include="..\Public\ServerEvent.h">
      <Filter>03. Event</Filter>
    </ClInclude>
    <ClInclude Include="..\Public\Monster_Zombie_Server.h">
      <Filter>02. GameObject\03. Monster\Monster_Zombie</Filter>
    </ClInclude>
    <ClInclude Include="..\Public\Zombie_BT_Attack2_Server.h">
      <Filter>02. GameObject\03. Monster\Monster_Zombie\Behavior\Action</Filter>
    </ClInclude>
    <ClInclude Include="..\Public\Monster_Plant_Server.h">
      <Filter>02. GameObject\03. Monster\Monster_Plant</Filter>
    </ClInclude>
    <ClInclude Include="..\Public\Common_BT_Attack1_Server.h">
      <Filter>02. GameObject\03. Monster\CommonBehavior\Action</Filter>
    </ClInclude>
    <ClInclude Include="..\Public\Common_BT_BattleIdle_Server.h">
      <Filter>02. GameObject\03. Monster\CommonBehavior\Action</Filter>
    </ClInclude>
    <ClInclude Include="..\Public\Common_BT_Chase_Server.h">
      <Filter>02. GameObject\03. Monster\CommonBehavior\Action</Filter>
    </ClInclude>
    <ClInclude Include="..\Public\Common_BT_DamageLeft_Server.h">
      <Filter>02. GameObject\03. Monster\CommonBehavior\Action</Filter>
    </ClInclude>
    <ClInclude Include="..\Public\Common_BT_DamageRight_Server.h">
      <Filter>02. GameObject\03. Monster\CommonBehavior\Action</Filter>
    </ClInclude>
    <ClInclude Include="..\Public\Common_BT_Dead_Server.h">
      <Filter>02. GameObject\03. Monster\CommonBehavior\Action</Filter>
    </ClInclude>
    <ClInclude Include="..\Public\Common_BT_Idle_Server.h">
      <Filter>02. GameObject\03. Monster\CommonBehavior\Action</Filter>
    </ClInclude>
    <ClInclude Include="..\Public\Common_BT_Move_Server.h">
      <Filter>02. GameObject\03. Monster\CommonBehavior\Action</Filter>
    </ClInclude>
    <ClInclude Include="..\Public\Common_BT_Spawn_Server.h">
      <Filter>02. GameObject\03. Monster\CommonBehavior\Action</Filter>
    </ClInclude>
    <ClInclude Include="..\Public\Common_BT_IF_Dead_Server.h">
      <Filter>02. GameObject\03. Monster\CommonBehavior\Decorator</Filter>
    </ClInclude>
    <ClInclude Include="..\Public\Common_BT_IF_Hit_Left_Server.h">
      <Filter>02. GameObject\03. Monster\CommonBehavior\Decorator</Filter>
    </ClInclude>
    <ClInclude Include="..\Public\Common_BT_IF_Hit_Server.h">
      <Filter>02. GameObject\03. Monster\CommonBehavior\Decorator</Filter>
    </ClInclude>
    <ClInclude Include="..\Public\Common_BT_IF_Maz_Server.h">
      <Filter>02. GameObject\03. Monster\CommonBehavior\Decorator</Filter>
    </ClInclude>
    <ClInclude Include="..\Public\Common_BT_IF_Near_Server.h">
      <Filter>02. GameObject\03. Monster\CommonBehavior\Decorator</Filter>
    </ClInclude>
    <ClInclude Include="..\Public\Common_BT_IF_Spawn_Server.h">
      <Filter>02. GameObject\03. Monster\CommonBehavior\Decorator</Filter>
    </ClInclude>
    <ClInclude Include="..\Public\Common_BT_WHILE_Within_Range_Server.h">
      <Filter>02. GameObject\03. Monster\CommonBehavior\Decorator</Filter>
    </ClInclude>
    <ClInclude Include="..\Public\Common_BT_Maz_Server.h">
      <Filter>02. GameObject\03. Monster\CommonBehavior\Action</Filter>
    </ClInclude>
    <ClInclude Include="..\Public\Plant_BT_Attack_Shake_Server.h">
      <Filter>02. GameObject\03. Monster\Monster_Plant\Behavior</Filter>
    </ClInclude>
    <ClInclude Include="..\Public\Plant_BT_Attack_Root_Server.h">
      <Filter>02. GameObject\03. Monster\Monster_Plant\Behavior</Filter>
    </ClInclude>
    <ClInclude Include="..\Public\Monster_Golem_Server.h">
      <Filter>02. GameObject\03. Monster\Monster_Golem</Filter>
    </ClInclude>
    <ClInclude Include="..\Public\Common_BT_IF_Far_Server.h">
      <Filter>02. GameObject\03. Monster\CommonBehavior\Decorator</Filter>
    </ClInclude>
    <ClInclude Include="..\Public\Common_BT_IF_Attacked.h">
      <Filter>02. GameObject\03. Monster\CommonBehavior\Decorator</Filter>
    </ClInclude>
    <ClInclude Include="..\Public\Golem_BT_Attack_Swipe_Server.h">
      <Filter>02. GameObject\03. Monster\Monster_Golem\Behavior</Filter>
    </ClInclude>
    <ClInclude Include="..\Public\Golem_BT_Attack_Jump_Server.h">
      <Filter>02. GameObject\03. Monster\Monster_Golem\Behavior</Filter>
    </ClInclude>
    <ClInclude Include="..\Public\Common_BT_IF_Skill_Server.h">
      <Filter>02. GameObject\03. Monster\CommonBehavior\Decorator</Filter>
    </ClInclude>
    <ClInclude Include="..\Public\Golem_BT_Attack_Charge_Punch_Server.h">
      <Filter>02. GameObject\03. Monster\Monster_Golem\Behavior</Filter>
    </ClInclude>
    <ClInclude Include="..\Public\Golem_BT_Attack_Dash_Server.h">
      <Filter>02. GameObject\03. Monster\Monster_Golem\Behavior</Filter>
    </ClInclude>
    <ClInclude Include="..\Public\Monster_Ghoul_Server.h">
      <Filter>02. GameObject\03. Monster\Monster_Ghoul</Filter>
    </ClInclude>
    <ClInclude Include="..\Public\Ghoul_BT_Attack_1_Server.h">
      <Filter>02. GameObject\03. Monster\Monster_Ghoul\Behavior</Filter>
    </ClInclude>
    <ClInclude Include="..\Public\Ghoul_BT_Attack_3_Server.h">
      <Filter>02. GameObject\03. Monster\Monster_Ghoul\Behavior</Filter>
    </ClInclude>
    <ClInclude Include="..\Public\Ghoul_BT_Attack_2_Server.h">
      <Filter>02. GameObject\03. Monster\Monster_Ghoul\Behavior</Filter>
    </ClInclude>
    <ClInclude Include="..\Public\Golem_BT_Chase_Server.h">
      <Filter>02. GameObject\03. Monster\Monster_Golem\Behavior</Filter>
    </ClInclude>
    <ClInclude Include="..\Public\Monster_Reaper_Server.h">
      <Filter>02. GameObject\03. Monster\Monster_Reaper</Filter>
    </ClInclude>
    <ClInclude Include="..\Public\Reaper_BT_Attack1_Server.h">
      <Filter>02. GameObject\03. Monster\Monster_Reaper\Behavior</Filter>
    </ClInclude>
    <ClInclude Include="..\Public\Reaper_BT_Attack2_Server.h">
      <Filter>02. GameObject\03. Monster\Monster_Reaper\Behavior</Filter>
    </ClInclude>
    <ClInclude Include="..\Public\Reaper_BT_Attack3_Server.h">
      <Filter>02. GameObject\03. Monster\Monster_Reaper\Behavior</Filter>
    </ClInclude>
    <ClInclude Include="..\Public\Boss_King_Server.h">
      <Filter>02. GameObject\04. Boss\King</Filter>
    </ClInclude>
    <ClInclude Include="..\Public\King_BT_Attack_Erruption_Server.h">
      <Filter>02. GameObject\04. Boss\Behavior</Filter>
    </ClInclude>
    <ClInclude Include="..\Public\King_BT_Attack_Charge_Swing_Server.h">
      <Filter>02. GameObject\04. Boss\Behavior</Filter>
    </ClInclude>
    <ClInclude Include="..\Public\King_BT_Attack_Attack2_Server.h">
      <Filter>02. GameObject\04. Boss\Behavior</Filter>
    </ClInclude>
    <ClInclude Include="..\Public\King_BT_Attack_Attack3_Server.h">
      <Filter>02. GameObject\04. Boss\Behavior</Filter>
    </ClInclude>
    <ClInclude Include="..\Public\King_BT_Attack_Attack4_Server.h">
      <Filter>02. GameObject\04. Boss\Behavior</Filter>
    </ClInclude>
  </ItemGroup>
  <ItemGroup>
    <None Include="..\..\Protobuf\bin\Enum.proto">
      <Filter>95. Network\Protocol</Filter>
    </None>
    <None Include="..\..\Protobuf\bin\Protocol.proto">
      <Filter>95. Network\Protocol</Filter>
    </None>
    <None Include="..\..\Protobuf\bin\Struct.proto">
      <Filter>95. Network\Protocol</Filter>
    </None>
  </ItemGroup>
</Project>