<?xml version="1.0" encoding="utf-8"?>
<Project ToolsVersion="4.0" xmlns="http://schemas.microsoft.com/developer/msbuild/2003">
  <ItemGroup>
    <Filter Include="99. Defines">
      <UniqueIdentifier>{063052ac-77d5-4c6b-96ee-c3a906ba45c1}</UniqueIdentifier>
    </Filter>
    <Filter Include="98. Default">
      <UniqueIdentifier>{eb40a4dc-319b-4b91-91c9-45ee3111e7ef}</UniqueIdentifier>
    </Filter>
    <Filter Include="95. Network">
      <UniqueIdentifier>{21cf62bc-d906-4185-aede-81955347de27}</UniqueIdentifier>
    </Filter>
    <Filter Include="95. Network\Protocol">
      <UniqueIdentifier>{1de9c841-a201-42e1-b675-44b7e8f74548}</UniqueIdentifier>
    </Filter>
    <Filter Include="00. MainApp_Server">
      <UniqueIdentifier>{a5b048b5-5463-4af6-95ea-7bece1fd29f1}</UniqueIdentifier>
    </Filter>
    <Filter Include="01. Levels">
      <UniqueIdentifier>{52d1a9fe-206b-4c56-88b5-ce80de83f725}</UniqueIdentifier>
    </Filter>
    <Filter Include="01. Levels\99. Loading">
      <UniqueIdentifier>{80b29a0c-cb8e-43a1-83ea-53f351c59373}</UniqueIdentifier>
    </Filter>
    <Filter Include="01. Levels\99. Loading\Loader">
      <UniqueIdentifier>{824118e0-0372-47fb-886f-88195b1a3c31}</UniqueIdentifier>
    </Filter>
    <Filter Include="02. GameObject">
      <UniqueIdentifier>{e6acfe3e-72f9-4368-8ed3-aa4470894b12}</UniqueIdentifier>
    </Filter>
    <Filter Include="02. GameObject\01. Player">
      <UniqueIdentifier>{5eaa949c-d310-4f07-9a91-59d4fecd8666}</UniqueIdentifier>
    </Filter>
    <Filter Include="02. GameObject\02. Camera">
      <UniqueIdentifier>{f90666d0-8a70-4ee3-ac1c-8e5ce9b7adf2}</UniqueIdentifier>
    </Filter>
    <Filter Include="02. GameObject\03. Monster">
      <UniqueIdentifier>{e98a3723-7492-4adb-956d-037e6e051d76}</UniqueIdentifier>
    </Filter>
    <Filter Include="02. GameObject\04. Boss">
      <UniqueIdentifier>{e63e4bc0-f32e-476a-9239-bb58d366c947}</UniqueIdentifier>
    </Filter>
    <Filter Include="02. GameObject\05. Skill">
      <UniqueIdentifier>{a23ec4bd-fdd6-4eb7-971d-015c8c362160}</UniqueIdentifier>
    </Filter>
    <Filter Include="03. Event">
      <UniqueIdentifier>{b95de2b2-9bf8-4ec7-b6f5-a42ec9bf466d}</UniqueIdentifier>
    </Filter>
    <Filter Include="01. Levels\02. Bern">
      <UniqueIdentifier>{64f0e584-ebe1-459f-ab78-add519f83806}</UniqueIdentifier>
    </Filter>
    <Filter Include="02. GameObject\03. Monster">
      <UniqueIdentifier>{e98a3723-7492-4adb-956d-037e6e051d76}</UniqueIdentifier>
    </Filter>
    <Filter Include="02. GameObject\03. Monster\Monster_Zombie">
      <UniqueIdentifier>{a4c3a46e-c1ae-48ab-8161-8a4cbd126616}</UniqueIdentifier>
    </Filter>
    <Filter Include="02. GameObject\03. Monster\Monster_Zombie\Behavior">
      <UniqueIdentifier>{4429e29d-9001-41f0-84e2-ebb1bc673279}</UniqueIdentifier>
    </Filter>
    <Filter Include="02. GameObject\03. Monster\Monster_Zombie\Behavior\Action">
      <UniqueIdentifier>{53881962-6337-45b2-87ce-33e1db211e09}</UniqueIdentifier>
    </Filter>
    <Filter Include="02. GameObject\03. Monster\CommonBehavior">
      <UniqueIdentifier>{de1bccec-b1a5-4277-997e-f7de8c4d8bb7}</UniqueIdentifier>
    </Filter>
    <Filter Include="02. GameObject\03. Monster\CommonBehavior\Action">
      <UniqueIdentifier>{2e5787b3-9df5-44d3-9067-38fad434409c}</UniqueIdentifier>
    </Filter>
    <Filter Include="02. GameObject\03. Monster\CommonBehavior\Decorator">
      <UniqueIdentifier>{cb25f060-491e-43e5-9111-7fc86eb199cb}</UniqueIdentifier>
    </Filter>
    <Filter Include="02. GameObject\03. Monster\Monster_Ghoul">
      <UniqueIdentifier>{b6995a6a-dffc-4d50-8916-5c3d858cd0bb}</UniqueIdentifier>
    </Filter>
    <Filter Include="02. GameObject\03. Monster\Monster_Ghoul\Behavior">
      <UniqueIdentifier>{09e78d27-c4c6-4063-aacb-201c12150ee8}</UniqueIdentifier>
    </Filter>
    <Filter Include="02. GameObject\03. Monster\Monster_Reaper">
      <UniqueIdentifier>{f2955bd9-3d80-4ace-84ed-68ef7bdca446}</UniqueIdentifier>
    </Filter>
    <Filter Include="02. GameObject\03. Monster\Monster_Reaper\Behavior">
      <UniqueIdentifier>{b20cad63-b00c-40a1-b402-47dfea2aaf9b}</UniqueIdentifier>
    </Filter>
    <Filter Include="02. GameObject\04. Boss\King">
      <UniqueIdentifier>{53a31b71-4978-4350-a4c8-4b9ce724c550}</UniqueIdentifier>
    </Filter>
    <Filter Include="97. Manager">
      <UniqueIdentifier>{d6bb10bf-b405-4dbd-ba23-30514f79057a}</UniqueIdentifier>
    </Filter>
    <Filter Include="97. Manager\01. LevelControlManager">
      <UniqueIdentifier>{5b4ef1dc-47dc-46bd-9a31-a6419a0d1c80}</UniqueIdentifier>
    </Filter>
    <Filter Include="02. GameObject\03. Monster\CommonBehavior\Action\Hit">
      <UniqueIdentifier>{625d36e1-b1e7-45f8-b11f-90564060ea66}</UniqueIdentifier>
    </Filter>
    <Filter Include="02. GameObject\03. Monster\CommonBehavior\Action\Attack">
      <UniqueIdentifier>{da2050e1-7a1e-45bc-8245-de27af41b35c}</UniqueIdentifier>
    </Filter>
    <Filter Include="02. GameObject\03. Monster\CommonBehavior\Action\Idle">
      <UniqueIdentifier>{690bb1cd-1dfe-4cf1-9948-9d2fd7a6055a}</UniqueIdentifier>
    </Filter>
    <Filter Include="02. GameObject\03. Monster\CommonBehavior\Action\Chase">
      <UniqueIdentifier>{717d29e5-3d94-4890-ab17-4f47d4078df1}</UniqueIdentifier>
    </Filter>
    <Filter Include="02. GameObject\03. Monster\CommonBehavior\Action\Move">
      <UniqueIdentifier>{b7c48033-d279-4e5d-b5ea-3794791b2c49}</UniqueIdentifier>
    </Filter>
    <Filter Include="02. GameObject\03. Monster\CommonBehavior\Action\Spawn">
      <UniqueIdentifier>{33e0e8b8-3051-4a66-adf1-dbf13508ef2a}</UniqueIdentifier>
    </Filter>
    <Filter Include="02. GameObject\06. ChaosDungean">
      <UniqueIdentifier>{905bfbd3-3054-42ed-b6b9-d189078ec2a4}</UniqueIdentifier>
    </Filter>
    <Filter Include="02. GameObject\04. Boss\King\Behavior">
      <UniqueIdentifier>{8c41d4ed-02d9-4110-99b5-c7a518e94905}</UniqueIdentifier>
    </Filter>
    <Filter Include="02. GameObject\04. Boss\Behavior">
      <UniqueIdentifier>{7c6846f7-9172-4339-b87f-3d3c3922325e}</UniqueIdentifier>
    </Filter>
    <Filter Include="02. GameObject\04. Boss\Behavior\Decorator">
      <UniqueIdentifier>{dc88491f-7fc9-4187-817f-5052552f3619}</UniqueIdentifier>
    </Filter>
    <Filter Include="02. GameObject\04. Boss\Behavior\Action">
      <UniqueIdentifier>{299bcf58-bce3-4cef-ac7a-e619d6f562b0}</UniqueIdentifier>
    </Filter>
    <Filter Include="02. GameObject\03. Monster\CommonBehavior\Action\Hit\Maz">
      <UniqueIdentifier>{cc67c2a8-9452-4a60-93f8-69372b8a07b8}</UniqueIdentifier>
    </Filter>
    <Filter Include="02. GameObject\03. Monster\CommonBehavior\Action\Hit\Bound">
      <UniqueIdentifier>{c33ea92b-2528-4b4c-9cd2-1bc6c2eee77b}</UniqueIdentifier>
    </Filter>
    <Filter Include="02. GameObject\03. Monster\CommonBehavior\Action\Hit\Damage">
      <UniqueIdentifier>{adf4b299-1e24-4d8c-9784-93ff98cd9ec9}</UniqueIdentifier>
    </Filter>
    <Filter Include="02. GameObject\03. Monster\CommonBehavior\Action\Hit\Twist">
      <UniqueIdentifier>{51102a76-1080-4a24-ac3b-d93f8c3584f0}</UniqueIdentifier>
    </Filter>
    <Filter Include="02. GameObject\03. Monster\CommonBehavior\Action\Hit\Stand">
      <UniqueIdentifier>{781fa372-0acc-45be-8ddc-501d37efad9f}</UniqueIdentifier>
    </Filter>
    <Filter Include="02. GameObject\03. Monster\CommonBehavior\Action\Hit\Dead">
      <UniqueIdentifier>{d6524c15-73f8-4dc6-b5cd-2f90c8cee54c}</UniqueIdentifier>
    </Filter>
    <Filter Include="02. GameObject\03. Monster\CommonBehavior\Action\Hit\Maz\Earthquake">
      <UniqueIdentifier>{bbdfec68-383f-469b-bc2b-3757f9c024e1}</UniqueIdentifier>
    </Filter>
    <Filter Include="02. GameObject\03. Monster\CommonBehavior\Action\Hit\Maz\Bug">
      <UniqueIdentifier>{8216df3e-b5e1-4cff-a890-b5aec34e4213}</UniqueIdentifier>
    </Filter>
    <Filter Include="02. GameObject\03. Monster\CommonBehavior\Action\Hit\Maz\Stun">
      <UniqueIdentifier>{3a03c20b-b48f-408e-92a3-bff0ca092fcf}</UniqueIdentifier>
    </Filter>
    <Filter Include="02. GameObject\03. Monster\CommonBehavior\Action\Hit\Maz\Shock">
      <UniqueIdentifier>{7fb5e14a-9c3c-4b23-b068-00b71307ff94}</UniqueIdentifier>
    </Filter>
    <Filter Include="02. GameObject\03. Monster\Monster_Plant">
      <UniqueIdentifier>{d966246a-08f5-4214-b7e8-8f5082ee0dae}</UniqueIdentifier>
    </Filter>
    <Filter Include="02. GameObject\03. Monster\CommonBehavior\Action\Hit\Maz\Fear">
      <UniqueIdentifier>{281a8a76-5154-44ef-affb-f4797e4a03d4}</UniqueIdentifier>
    </Filter>
    <Filter Include="97. Manager\02. PartyManager">
      <UniqueIdentifier>{2d0c5fb4-2d2c-4917-97d1-047c6dde0d7f}</UniqueIdentifier>
    </Filter>
    <Filter Include="97. Manager\02. PartyManager\Party">
      <UniqueIdentifier>{3cf39001-3f8d-4094-9887-bf7a5665ee21}</UniqueIdentifier>
    </Filter>
    <Filter Include="02. GameObject\04. Boss\Valtan">
      <UniqueIdentifier>{17d6a960-767c-43db-b13d-9203e71372f9}</UniqueIdentifier>
    </Filter>
    <Filter Include="02. GameObject\04. Boss\Valtan\Behavior">
      <UniqueIdentifier>{fe5acdae-2913-484d-94ab-28a1e3ee497b}</UniqueIdentifier>
    </Filter>
    <Filter Include="02. GameObject\04. Boss\Valtan\Behavior\Decorator">
      <UniqueIdentifier>{f452740a-d0cf-4aaa-a27a-b0442d5c6cd8}</UniqueIdentifier>
    </Filter>
    <Filter Include="02. GameObject\04. Boss\Valtan\Behavior\Action_Attack">
      <UniqueIdentifier>{f5ead907-3ba0-44e8-9b85-dea4e4642d22}</UniqueIdentifier>
    </Filter>
    <Filter Include="02. GameObject\04. Boss\Valtan\Behavior\Action_Phase2">
      <UniqueIdentifier>{67d91c2a-de31-4f0e-90af-3710130deaf2}</UniqueIdentifier>
    </Filter>
    <Filter Include="02. GameObject\04. Boss\Valtan\Behavior\Action_Phase3">
      <UniqueIdentifier>{d84e16c2-1d4b-4a94-8d0d-11886edf7eec}</UniqueIdentifier>
    </Filter>
    <Filter Include="02. GameObject\07. Npc">
      <UniqueIdentifier>{69220833-87a5-48c1-be2c-d6720af7e298}</UniqueIdentifier>
    </Filter>
    <Filter Include="02. GameObject\07. Npc\Guide_Npc">
      <UniqueIdentifier>{d8ea5fef-7d83-4ff6-8002-101d647ceb72}</UniqueIdentifier>
    </Filter>
    <Filter Include="02. GameObject\08. ValtanRaid">
      <UniqueIdentifier>{be8348ef-d807-4d4c-b283-ef3d268830a0}</UniqueIdentifier>
    </Filter>
    <Filter Include="02. GameObject\08. ValtanRaid\ValtanEnterance">
      <UniqueIdentifier>{00a426ce-13a8-43b7-9449-33eb9d2f5029}</UniqueIdentifier>
    </Filter>
    <Filter Include="02. GameObject\08. ValtanRaid\ValtanMain">
      <UniqueIdentifier>{94106135-9c75-412b-93d5-4d5266d0d8d2}</UniqueIdentifier>
    </Filter>
    <Filter Include="02. GameObject\09. BreakAbleObject">
      <UniqueIdentifier>{384a9bf4-5580-468d-a10f-fd4579d6d5ab}</UniqueIdentifier>
    </Filter>
    <Filter Include="02. GameObject\04. Boss\Boss_Golem_Server">
      <UniqueIdentifier>{7172f3dc-b26f-40a2-9dd7-db769380b0c8}</UniqueIdentifier>
    </Filter>
    <Filter Include="02. GameObject\04. Boss\Boss_Golem_Server\Behavior">
      <UniqueIdentifier>{bad3a2da-5ebc-4b55-a789-748668d37861}</UniqueIdentifier>
    </Filter>
    <Filter Include="02. GameObject\03. Monster\Monster_Pawn">
      <UniqueIdentifier>{b6253a4d-d66e-4522-bc0e-210cc8c40e50}</UniqueIdentifier>
    </Filter>
    <Filter Include="02. GameObject\03. Monster\Monster_Pawn\Behavior">
      <UniqueIdentifier>{3413906d-afdc-4b6b-8a1d-9b15d00ed85e}</UniqueIdentifier>
    </Filter>
    <Filter Include="02. GameObject\03. Monster\Monster_Prison">
      <UniqueIdentifier>{41e7177c-cf76-4bf2-b555-f3ac69cc0b0d}</UniqueIdentifier>
    </Filter>
  </ItemGroup>
  <ItemGroup>
    <ClCompile Include="Server.cpp">
      <Filter>98. Default</Filter>
    </ClCompile>
    <ClCompile Include="stdafx.cpp">
      <Filter>98. Default</Filter>
    </ClCompile>
    <ClCompile Include="..\Private\Enum.pb.cc">
      <Filter>95. Network\Protocol</Filter>
    </ClCompile>
    <ClCompile Include="..\Private\Protocol.pb.cc">
      <Filter>95. Network\Protocol</Filter>
    </ClCompile>
    <ClCompile Include="..\Private\Struct.pb.cc">
      <Filter>95. Network\Protocol</Filter>
    </ClCompile>
    <ClCompile Include="..\Private\MainApp_Server.cpp">
      <Filter>00. MainApp_Server</Filter>
    </ClCompile>
    <ClCompile Include="..\Private\GameSession.cpp">
      <Filter>95. Network</Filter>
    </ClCompile>
    <ClCompile Include="..\Private\GameSessionManager.cpp">
      <Filter>95. Network</Filter>
    </ClCompile>
    <ClCompile Include="..\Private\ServerPacketHandler.cpp">
      <Filter>95. Network</Filter>
    </ClCompile>
    <ClCompile Include="..\Private\Level_Loading_Server.cpp">
      <Filter>01. Levels\99. Loading</Filter>
    </ClCompile>
    <ClCompile Include="..\Private\Loader_Server.cpp">
      <Filter>01. Levels\99. Loading\Loader</Filter>
    </ClCompile>
    <ClCompile Include="..\Private\Level_Bern_Server.cpp">
      <Filter>01. Levels\02. Bern</Filter>
    </ClCompile>
    <ClCompile Include="..\Private\Player_Server.cpp">
      <Filter>02. GameObject\01. Player</Filter>
    </ClCompile>
    <ClCompile Include="..\Private\Camera_Free_Server.cpp">
      <Filter>02. GameObject\02. Camera</Filter>
    </ClCompile>
    <ClCompile Include="..\Private\Monster_Server.cpp">
      <Filter>02. GameObject\03. Monster</Filter>
    </ClCompile>
    <ClCompile Include="..\Private\Skill_Server.cpp">
      <Filter>02. GameObject\05. Skill</Filter>
    </ClCompile>
    <ClCompile Include="..\Private\ServerEvent.cpp">
      <Filter>03. Event</Filter>
    </ClCompile>
    <ClCompile Include="..\Private\Monster_Zombie_Server.cpp">
      <Filter>02. GameObject\03. Monster\Monster_Zombie</Filter>
    </ClCompile>
    <ClCompile Include="..\Private\Zombie_BT_Attack2_Server.cpp">
      <Filter>02. GameObject\03. Monster\Monster_Zombie\Behavior\Action</Filter>
    </ClCompile>
    <ClCompile Include="..\Private\Level_Loading_Server.cpp">
      <Filter>01. Levels\99. Loading</Filter>
    </ClCompile>
    <ClCompile Include="..\Private\Monster_Plant_Server.cpp">
      <Filter>02. GameObject\03. Monster\Monster_Plant</Filter>
    </ClCompile>
    <ClCompile Include="..\Private\Golem_BT_Attack_Jump_Server.cpp">
      <Filter>02. GameObject\04. Boss\Boss_Golem_Server\Behavior</Filter>
    </ClCompile>
    <ClCompile Include="..\Private\Golem_BT_Attack_Swipe_Server.cpp">
      <Filter>02. GameObject\04. Boss\Boss_Golem_Server\Behavior</Filter>
    </ClCompile>
    <ClCompile Include="..\Private\Golem_BT_Attack_Charge_Punch_Server.cpp">
      <Filter>02. GameObject\04. Boss\Boss_Golem_Server\Behavior</Filter>
    </ClCompile>
    <ClCompile Include="..\Private\Monster_Ghoul_Server.cpp">
      <Filter>02. GameObject\03. Monster\Monster_Ghoul</Filter>
    </ClCompile>
    <ClCompile Include="..\Private\Ghoul_BT_Attack_3_Server.cpp">
      <Filter>02. GameObject\03. Monster\Monster_Ghoul\Behavior</Filter>
    </ClCompile>
    <ClCompile Include="..\Private\Ghoul_BT_Attack_2_Server.cpp">
      <Filter>02. GameObject\03. Monster\Monster_Ghoul\Behavior</Filter>
    </ClCompile>
    <ClCompile Include="..\Private\Ghoul_BT_Attack_1_Server.cpp">
      <Filter>02. GameObject\03. Monster\Monster_Ghoul\Behavior</Filter>
    </ClCompile>
    <ClCompile Include="..\Private\Golem_BT_Attack_Dash_Server.cpp">
      <Filter>02. GameObject\04. Boss\Boss_Golem_Server\Behavior</Filter>
    </ClCompile>
    <ClCompile Include="..\Private\Golem_BT_Chase_Server.cpp">
      <Filter>02. GameObject\04. Boss\Boss_Golem_Server\Behavior</Filter>
    </ClCompile>
    <ClCompile Include="..\Private\Reaper_BT_Attack1_Server.cpp">
      <Filter>02. GameObject\03. Monster\Monster_Reaper\Behavior</Filter>
    </ClCompile>
    <ClCompile Include="..\Private\Reaper_BT_Attack2_Server.cpp">
      <Filter>02. GameObject\03. Monster\Monster_Reaper\Behavior</Filter>
    </ClCompile>
    <ClCompile Include="..\Private\Reaper_BT_Attack3_Server.cpp">
      <Filter>02. GameObject\03. Monster\Monster_Reaper\Behavior</Filter>
    </ClCompile>
    <ClCompile Include="..\Private\Boss_King_Server.cpp">
      <Filter>02. GameObject\04. Boss\King</Filter>
    </ClCompile>
    <ClCompile Include="..\Private\King_BT_Attack_Erruption_Server.cpp">
      <Filter>02. GameObject\04. Boss\King\Behavior</Filter>
    </ClCompile>
    <ClCompile Include="..\Private\King_BT_Attack_Charge_Swing_Server.cpp">
      <Filter>02. GameObject\04. Boss\King\Behavior</Filter>
    </ClCompile>
    <ClCompile Include="..\Private\King_BT_Attack_Attack2_Server.cpp">
      <Filter>02. GameObject\04. Boss\King\Behavior</Filter>
    </ClCompile>
    <ClCompile Include="..\Private\King_BT_Attack_Attack3_Server.cpp">
      <Filter>02. GameObject\04. Boss\King\Behavior</Filter>
    </ClCompile>
    <ClCompile Include="..\Private\King_BT_Attack_Attack4_Server.cpp">
      <Filter>02. GameObject\04. Boss\King\Behavior</Filter>
    </ClCompile>
    <ClCompile Include="..\Private\Monster_Pawn_Server.cpp">
      <Filter>02. GameObject\03. Monster\Monster_Pawn</Filter>
    </ClCompile>
    <ClCompile Include="..\Private\Pawn_BT_Attack2_Server.cpp">
      <Filter>02. GameObject\03. Monster\Monster_Pawn\Behavior</Filter>
    </ClCompile>
    <ClCompile Include="..\Private\LevelControlManager.cpp">
      <Filter>97. Manager\01. LevelControlManager</Filter>
    </ClCompile>
    <ClCompile Include="..\Private\Monster_Reaper_Server.cpp">
      <Filter>02. GameObject\03. Monster\Monster_Reaper</Filter>
    </ClCompile>
    <ClCompile Include="..\Private\Common_BT_Attack1_Server.cpp">
      <Filter>02. GameObject\03. Monster\CommonBehavior\Action\Attack</Filter>
    </ClCompile>
    <ClCompile Include="..\Private\Common_BT_Idle_Server.cpp">
      <Filter>02. GameObject\03. Monster\CommonBehavior\Action\Idle</Filter>
    </ClCompile>
    <ClCompile Include="..\Private\Common_BT_BattleIdle_Server.cpp">
      <Filter>02. GameObject\03. Monster\CommonBehavior\Action\Attack</Filter>
    </ClCompile>
    <ClCompile Include="..\Private\Common_BT_Chase_Server.cpp">
      <Filter>02. GameObject\03. Monster\CommonBehavior\Action\Chase</Filter>
    </ClCompile>
    <ClCompile Include="..\Private\Common_BT_Move_Server.cpp">
      <Filter>02. GameObject\03. Monster\CommonBehavior\Action\Move</Filter>
    </ClCompile>
    <ClCompile Include="..\Private\Common_BT_Spawn_Server.cpp">
      <Filter>02. GameObject\03. Monster\CommonBehavior\Action\Spawn</Filter>
    </ClCompile>
    <ClCompile Include="..\Private\Boss_BT_Counter_Server.cpp">
      <Filter>02. GameObject\04. Boss\Behavior\Action</Filter>
    </ClCompile>
    <ClCompile Include="..\Private\Boss_Golem_Server.cpp">
      <Filter>02. GameObject\04. Boss\Boss_Golem_Server</Filter>
    </ClCompile>
    <ClCompile Include="..\Private\Common_BT_Bound_Server.cpp">
      <Filter>02. GameObject\03. Monster\CommonBehavior\Action\Hit\Bound</Filter>
    </ClCompile>
    <ClCompile Include="..\Private\Common_BT_BoundLand_Server.cpp">
      <Filter>02. GameObject\03. Monster\CommonBehavior\Action\Hit\Bound</Filter>
    </ClCompile>
    <ClCompile Include="..\Private\Common_BT_Damage1_Server.cpp">
      <Filter>02. GameObject\03. Monster\CommonBehavior\Action\Hit\Damage</Filter>
    </ClCompile>
    <ClCompile Include="..\Private\Common_BT_Damage2_Server.cpp">
      <Filter>02. GameObject\03. Monster\CommonBehavior\Action\Hit\Damage</Filter>
    </ClCompile>
    <ClCompile Include="..\Private\Common_BT_TwistLand_Server.cpp">
      <Filter>02. GameObject\03. Monster\CommonBehavior\Action\Hit\Twist</Filter>
    </ClCompile>
    <ClCompile Include="..\Private\Common_BT_Twist_Server.cpp">
      <Filter>02. GameObject\03. Monster\CommonBehavior\Action\Hit\Twist</Filter>
    </ClCompile>
    <ClCompile Include="..\Private\Common_BT_Stand_Server.cpp">
      <Filter>02. GameObject\03. Monster\CommonBehavior\Action\Hit\Stand</Filter>
    </ClCompile>
    <ClCompile Include="..\Private\Common_BT_Dead_Server.cpp">
      <Filter>02. GameObject\03. Monster\CommonBehavior\Action\Hit\Dead</Filter>
    </ClCompile>
    <ClCompile Include="..\Private\Common_BT_Earthquake_Server.cpp">
      <Filter>02. GameObject\03. Monster\CommonBehavior\Action\Hit\Maz\Earthquake</Filter>
    </ClCompile>
    <ClCompile Include="..\Private\Common_BT_Fear_Server.cpp">
      <Filter>02. GameObject\03. Monster\CommonBehavior\Action\Hit\Maz\Fear</Filter>
    </ClCompile>
    <ClCompile Include="..\Private\Common_BT_Stun_Server.cpp">
      <Filter>02. GameObject\03. Monster\CommonBehavior\Action\Hit\Maz\Stun</Filter>
    </ClCompile>
    <ClCompile Include="..\Private\Common_BT_Bug_Server.cpp">
      <Filter>02. GameObject\03. Monster\CommonBehavior\Action\Hit\Maz\Bug</Filter>
    </ClCompile>
    <ClCompile Include="..\Private\Common_BT_Shock_Server.cpp">
      <Filter>02. GameObject\03. Monster\CommonBehavior\Action\Hit\Maz\Shock</Filter>
    </ClCompile>
    <ClCompile Include="..\Private\ChaosDungean_Server.cpp">
      <Filter>02. GameObject\06. ChaosDungean</Filter>
    </ClCompile>
    <ClCompile Include="..\Private\PartyManager.cpp">
      <Filter>97. Manager\02. PartyManager</Filter>
    </ClCompile>
    <ClCompile Include="..\Private\Party_Server.cpp">
      <Filter>97. Manager\02. PartyManager\Party</Filter>
    </ClCompile>
    <ClCompile Include="..\Private\Boss_BT_Groggy_Server.cpp">
      <Filter>02. GameObject\04. Boss\Behavior\Action</Filter>
    </ClCompile>
    <ClCompile Include="..\Private\Valtan_BT_Attack_Attack0_Server.cpp">
      <Filter>02. GameObject\04. Boss\Valtan\Behavior\Action_Attack</Filter>
    </ClCompile>
    <ClCompile Include="..\Private\Valtan_BT_Attack_Attack1_Server.cpp">
      <Filter>02. GameObject\04. Boss\Valtan\Behavior\Action_Attack</Filter>
    </ClCompile>
    <ClCompile Include="..\Private\Valtan_BT_Attack_Attack2_Server.cpp">
      <Filter>02. GameObject\04. Boss\Valtan\Behavior\Action_Attack</Filter>
    </ClCompile>
    <ClCompile Include="..\Private\Valtan_BT_Attack_Attack3_Server.cpp">
      <Filter>02. GameObject\04. Boss\Valtan\Behavior\Action_Attack</Filter>
    </ClCompile>
    <ClCompile Include="..\Private\Valtan_BT_Attack_Attack4_Server.cpp">
      <Filter>02. GameObject\04. Boss\Valtan\Behavior\Action_Attack</Filter>
    </ClCompile>
    <ClCompile Include="..\Private\Valtan_BT_Attack_Attack5_Server.cpp">
      <Filter>02. GameObject\04. Boss\Valtan\Behavior\Action_Attack</Filter>
    </ClCompile>
    <ClCompile Include="..\Private\Valtan_BT_Attack_Attack6_Server.cpp">
      <Filter>02. GameObject\04. Boss\Valtan\Behavior\Action_Attack</Filter>
    </ClCompile>
    <ClCompile Include="..\Private\Valtan_BT_Attack_Attack7_Server.cpp">
      <Filter>02. GameObject\04. Boss\Valtan\Behavior\Action_Attack</Filter>
    </ClCompile>
    <ClCompile Include="..\Private\Valtan_BT_Attack_Attack8_Server.cpp">
      <Filter>02. GameObject\04. Boss\Valtan\Behavior\Action_Attack</Filter>
    </ClCompile>
    <ClCompile Include="..\Private\Valtan_BT_Attack_Attack9_Server.cpp">
      <Filter>02. GameObject\04. Boss\Valtan\Behavior\Action_Attack</Filter>
    </ClCompile>
    <ClCompile Include="..\Private\Valtan_BT_Attack_Attack10_Server.cpp">
      <Filter>02. GameObject\04. Boss\Valtan\Behavior\Action_Attack</Filter>
    </ClCompile>
    <ClCompile Include="..\Private\Valtan_BT_Attack_Attack11_Server.cpp">
      <Filter>02. GameObject\04. Boss\Valtan\Behavior\Action_Attack</Filter>
    </ClCompile>
    <ClCompile Include="..\Private\Valtan_BT_Attack_Attack12_Server.cpp">
      <Filter>02. GameObject\04. Boss\Valtan\Behavior\Action_Attack</Filter>
    </ClCompile>
    <ClCompile Include="..\Private\Valtan_BT_Attack_Attack13_Server.cpp">
      <Filter>02. GameObject\04. Boss\Valtan\Behavior\Action_Attack</Filter>
    </ClCompile>
    <ClCompile Include="..\Private\Valtan_BT_Attack_Attack14_Server.cpp">
      <Filter>02. GameObject\04. Boss\Valtan\Behavior\Action_Attack</Filter>
    </ClCompile>
    <ClCompile Include="..\Private\Valtan_BT_Attack_Attack16_Server.cpp">
      <Filter>02. GameObject\04. Boss\Valtan\Behavior\Action_Attack</Filter>
    </ClCompile>
    <ClCompile Include="..\Private\Valtan_BT_Attack_Attack17_1_Server.cpp">
      <Filter>02. GameObject\04. Boss\Valtan\Behavior\Action_Attack</Filter>
    </ClCompile>
    <ClCompile Include="..\Private\Valtan_BT_Attack_Attack19_Server.cpp">
      <Filter>02. GameObject\04. Boss\Valtan\Behavior\Action_Attack</Filter>
    </ClCompile>
    <ClCompile Include="..\Private\Valtan_BT_Attack_Attack20_Server.cpp">
      <Filter>02. GameObject\04. Boss\Valtan\Behavior\Action_Attack</Filter>
    </ClCompile>
    <ClCompile Include="..\Private\Valtan_BT_Attack_Attack21_Server.cpp">
      <Filter>02. GameObject\04. Boss\Valtan\Behavior\Action_Attack</Filter>
    </ClCompile>
    <ClCompile Include="..\Private\Valtan_BT_Attack_Attack22_Server.cpp">
      <Filter>02. GameObject\04. Boss\Valtan\Behavior\Action_Attack</Filter>
    </ClCompile>
    <ClCompile Include="..\Private\Valtan_BT_Attack_Attack23_Server.cpp">
      <Filter>02. GameObject\04. Boss\Valtan\Behavior\Action_Attack</Filter>
    </ClCompile>
    <ClCompile Include="..\Private\Valtan_BT_Attack_Attack24_Server.cpp">
      <Filter>02. GameObject\04. Boss\Valtan\Behavior\Action_Attack</Filter>
    </ClCompile>
    <ClCompile Include="..\Private\Boss_BT_ArmorBreak_Server.cpp">
      <Filter>02. GameObject\04. Boss\Behavior\Action</Filter>
    </ClCompile>
    <ClCompile Include="..\Private\Valtan_BT_Phase2_Server.cpp">
      <Filter>02. GameObject\04. Boss\Valtan\Behavior\Action_Phase2</Filter>
    </ClCompile>
    <ClCompile Include="..\Private\Valtan_BT_Phase3_Server.cpp">
      <Filter>02. GameObject\04. Boss\Valtan\Behavior\Action_Phase3</Filter>
    </ClCompile>
    <ClCompile Include="..\Private\Valtan_BT_Attack_Attack17_3_Server.cpp">
      <Filter>02. GameObject\04. Boss\Valtan\Behavior\Action_Attack</Filter>
    </ClCompile>
    <ClCompile Include="..\Private\Valtan_BT_Attack_Attack17_2_Server.cpp">
      <Filter>02. GameObject\04. Boss\Valtan\Behavior\Action_Attack</Filter>
    </ClCompile>
    <ClCompile Include="..\Private\Valtan_BT_Attack_Attack2_1_Server.cpp">
      <Filter>02. GameObject\04. Boss\Valtan\Behavior\Action_Attack</Filter>
    </ClCompile>
    <ClCompile Include="..\Private\Valtan_BT_Attack_Attack15_Server.cpp">
      <Filter>02. GameObject\04. Boss\Valtan\Behavior\Action_Attack</Filter>
    </ClCompile>
    <ClCompile Include="..\Private\Boss_Server.cpp">
      <Filter>02. GameObject\04. Boss</Filter>
    </ClCompile>
    <ClCompile Include="..\Private\Npc_Server.cpp">
      <Filter>02. GameObject\07. Npc</Filter>
    </ClCompile>
    <ClCompile Include="..\Private\Guide_Chaos_Npc_Server.cpp">
      <Filter>02. GameObject\07. Npc\Guide_Npc</Filter>
    </ClCompile>
    <ClCompile Include="..\Private\ValtanMain_Server.cpp">
      <Filter>02. GameObject\08. ValtanRaid\ValtanMain</Filter>
    </ClCompile>
    <ClCompile Include="..\Private\Boss_Valtan_Server.cpp">
      <Filter>02. GameObject\04. Boss\Valtan</Filter>
    </ClCompile>
    <ClCompile Include="..\Private\Monster_Prison_Server.cpp">
      <Filter>02. GameObject\03. Monster\Monster_Prison</Filter>
    </ClCompile>
    <ClCompile Include="..\Private\BreakAbleObject_Server.cpp">
      <Filter>02. GameObject\09. BreakAbleObject</Filter>
    </ClCompile>
  </ItemGroup>
  <ItemGroup>
    <ClInclude Include="stdafx.h">
      <Filter>98. Default</Filter>
    </ClInclude>
    <ClInclude Include="..\Public\Enum.pb.h">
      <Filter>95. Network\Protocol</Filter>
    </ClInclude>
    <ClInclude Include="..\Public\Protocol.pb.h">
      <Filter>95. Network\Protocol</Filter>
    </ClInclude>
    <ClInclude Include="..\Public\Struct.pb.h">
      <Filter>95. Network\Protocol</Filter>
    </ClInclude>
    <ClInclude Include="..\Public\Server_Defines.h">
      <Filter>99. Defines</Filter>
    </ClInclude>
    <ClInclude Include="..\Public\MainApp_Server.h">
      <Filter>00. MainApp_Server</Filter>
    </ClInclude>
    <ClInclude Include="..\Public\GameSession.h">
      <Filter>95. Network</Filter>
    </ClInclude>
    <ClInclude Include="..\Public\GameSessionManager.h">
      <Filter>95. Network</Filter>
    </ClInclude>
    <ClInclude Include="..\Public\ServerPacketHandler.h">
      <Filter>95. Network</Filter>
    </ClInclude>
    <ClInclude Include="..\Public\Level_Loading_Server.h">
      <Filter>01. Levels\99. Loading</Filter>
    </ClInclude>
    <ClInclude Include="..\Public\Loader_Server.h">
      <Filter>01. Levels\99. Loading\Loader</Filter>
    </ClInclude>
    <ClInclude Include="..\Public\Level_Bern_Server.h">
      <Filter>01. Levels\02. Bern</Filter>
    </ClInclude>
    <ClInclude Include="..\Public\Player_Server.h">
      <Filter>02. GameObject\01. Player</Filter>
    </ClInclude>
    <ClInclude Include="..\Public\Camera_Free_Server.h">
      <Filter>02. GameObject\02. Camera</Filter>
    </ClInclude>
    <ClInclude Include="..\Public\Monster_Server.h">
      <Filter>02. GameObject\03. Monster</Filter>
    </ClInclude>
    <ClInclude Include="..\Public\Boss_Server.h">
      <Filter>02. GameObject\04. Boss</Filter>
    </ClInclude>
    <ClInclude Include="..\Public\Skill_Server.h">
      <Filter>02. GameObject\05. Skill</Filter>
    </ClInclude>
    <ClInclude Include="..\Public\ServerEvent.h">
      <Filter>03. Event</Filter>
    </ClInclude>
    <ClInclude Include="..\Public\Monster_Zombie_Server.h">
      <Filter>02. GameObject\03. Monster\Monster_Zombie</Filter>
    </ClInclude>
    <ClInclude Include="..\Public\Zombie_BT_Attack2_Server.h">
      <Filter>02. GameObject\03. Monster\Monster_Zombie\Behavior\Action</Filter>
    </ClInclude>
    <ClInclude Include="..\Public\Monster_Plant_Server.h">
      <Filter>02. GameObject\03. Monster\Monster_Plant</Filter>
    </ClInclude>
    <ClInclude Include="..\Public\Common_BT_IF_Dead_Server.h">
      <Filter>02. GameObject\03. Monster\CommonBehavior\Decorator</Filter>
    </ClInclude>
    <ClInclude Include="..\Public\Common_BT_IF_Hit_Server.h">
      <Filter>02. GameObject\03. Monster\CommonBehavior\Decorator</Filter>
    </ClInclude>
    <ClInclude Include="..\Public\Common_BT_IF_Maz_Server.h">
      <Filter>02. GameObject\03. Monster\CommonBehavior\Decorator</Filter>
    </ClInclude>
    <ClInclude Include="..\Public\Common_BT_IF_Near_Server.h">
      <Filter>02. GameObject\03. Monster\CommonBehavior\Decorator</Filter>
    </ClInclude>
    <ClInclude Include="..\Public\Common_BT_IF_Spawn_Server.h">
      <Filter>02. GameObject\03. Monster\CommonBehavior\Decorator</Filter>
    </ClInclude>
    <ClInclude Include="..\Public\Common_BT_WHILE_Within_Range_Server.h">
      <Filter>02. GameObject\03. Monster\CommonBehavior\Decorator</Filter>
    </ClInclude>
    <ClInclude Include="..\Public\Boss_Golem_Server.h">
      <Filter>02. GameObject\04. Boss\Boss_Golem_Server</Filter>
    </ClInclude>
    <ClInclude Include="..\Public\Common_BT_IF_Far_Server.h">
      <Filter>02. GameObject\03. Monster\CommonBehavior\Decorator</Filter>
    </ClInclude>
    <ClInclude Include="..\Public\Common_BT_IF_Attacked_Server.h">
      <Filter>02. GameObject\03. Monster\CommonBehavior\Decorator</Filter>
    </ClInclude>
    <ClInclude Include="..\Public\Golem_BT_Attack_Swipe_Server.h">
      <Filter>02. GameObject\04. Boss\Boss_Golem_Server\Behavior</Filter>
    </ClInclude>
    <ClInclude Include="..\Public\Golem_BT_Attack_Jump_Server.h">
      <Filter>02. GameObject\04. Boss\Boss_Golem_Server\Behavior</Filter>
    </ClInclude>
    <ClInclude Include="..\Public\Common_BT_IF_Skill_Server.h">
      <Filter>02. GameObject\03. Monster\CommonBehavior\Decorator</Filter>
    </ClInclude>
    <ClInclude Include="..\Public\Golem_BT_Attack_Charge_Punch_Server.h">
      <Filter>02. GameObject\04. Boss\Boss_Golem_Server\Behavior</Filter>
    </ClInclude>
    <ClInclude Include="..\Public\Golem_BT_Attack_Dash_Server.h">
      <Filter>02. GameObject\04. Boss\Boss_Golem_Server\Behavior</Filter>
    </ClInclude>
    <ClInclude Include="..\Public\Monster_Ghoul_Server.h">
      <Filter>02. GameObject\03. Monster\Monster_Ghoul</Filter>
    </ClInclude>
    <ClInclude Include="..\Public\Ghoul_BT_Attack_1_Server.h">
      <Filter>02. GameObject\03. Monster\Monster_Ghoul\Behavior</Filter>
    </ClInclude>
    <ClInclude Include="..\Public\Ghoul_BT_Attack_3_Server.h">
      <Filter>02. GameObject\03. Monster\Monster_Ghoul\Behavior</Filter>
    </ClInclude>
    <ClInclude Include="..\Public\Ghoul_BT_Attack_2_Server.h">
      <Filter>02. GameObject\03. Monster\Monster_Ghoul\Behavior</Filter>
    </ClInclude>
    <ClInclude Include="..\Public\Golem_BT_Chase_Server.h">
      <Filter>02. GameObject\04. Boss\Boss_Golem_Server\Behavior</Filter>
    </ClInclude>
    <ClInclude Include="..\Public\Monster_Reaper_Server.h">
      <Filter>02. GameObject\03. Monster\Monster_Reaper</Filter>
    </ClInclude>
    <ClInclude Include="..\Public\Reaper_BT_Attack1_Server.h">
      <Filter>02. GameObject\03. Monster\Monster_Reaper\Behavior</Filter>
    </ClInclude>
    <ClInclude Include="..\Public\Reaper_BT_Attack2_Server.h">
      <Filter>02. GameObject\03. Monster\Monster_Reaper\Behavior</Filter>
    </ClInclude>
    <ClInclude Include="..\Public\Reaper_BT_Attack3_Server.h">
      <Filter>02. GameObject\03. Monster\Monster_Reaper\Behavior</Filter>
    </ClInclude>
    <ClInclude Include="..\Public\Boss_King_Server.h">
      <Filter>02. GameObject\04. Boss\King</Filter>
    </ClInclude>
    <ClInclude Include="..\Public\King_BT_Attack_Erruption_Server.h">
      <Filter>02. GameObject\04. Boss\King\Behavior</Filter>
    </ClInclude>
    <ClInclude Include="..\Public\King_BT_Attack_Charge_Swing_Server.h">
      <Filter>02. GameObject\04. Boss\King\Behavior</Filter>
    </ClInclude>
    <ClInclude Include="..\Public\King_BT_Attack_Attack2_Server.h">
      <Filter>02. GameObject\04. Boss\King\Behavior</Filter>
    </ClInclude>
    <ClInclude Include="..\Public\King_BT_Attack_Attack3_Server.h">
      <Filter>02. GameObject\04. Boss\King\Behavior</Filter>
    </ClInclude>
    <ClInclude Include="..\Public\King_BT_Attack_Attack4_Server.h">
      <Filter>02. GameObject\04. Boss\King\Behavior</Filter>
    </ClInclude>
    <ClInclude Include="..\Public\Monster_Pawn_Server.h">
      <Filter>02. GameObject\03. Monster\Monster_Pawn</Filter>
    </ClInclude>
    <ClInclude Include="..\Public\Pawn_BT_Attack2_Server.h">
      <Filter>02. GameObject\03. Monster\Monster_Pawn\Behavior</Filter>
    </ClInclude>
    <ClInclude Include="..\Public\LevelControlManager.h">
      <Filter>97. Manager\01. LevelControlManager</Filter>
    </ClInclude>
    <ClInclude Include="..\Public\Common_BT_IF_Bound_Server.h">
      <Filter>02. GameObject\03. Monster\CommonBehavior\Decorator</Filter>
    </ClInclude>
    <ClInclude Include="..\Public\Common_BT_IF_Twist_Server.h">
      <Filter>02. GameObject\03. Monster\CommonBehavior\Decorator</Filter>
    </ClInclude>
    <ClInclude Include="..\Public\Common_BT_Attack1_Server.h">
      <Filter>02. GameObject\03. Monster\CommonBehavior\Action\Attack</Filter>
    </ClInclude>
    <ClInclude Include="..\Public\Common_BT_Idle_Server.h">
      <Filter>02. GameObject\03. Monster\CommonBehavior\Action\Idle</Filter>
    </ClInclude>
    <ClInclude Include="..\Public\Common_BT_BattleIdle_Server.h">
      <Filter>02. GameObject\03. Monster\CommonBehavior\Action\Attack</Filter>
    </ClInclude>
    <ClInclude Include="..\Public\Common_BT_Chase_Server.h">
      <Filter>02. GameObject\03. Monster\CommonBehavior\Action\Chase</Filter>
    </ClInclude>
    <ClInclude Include="..\Public\Common_BT_Move_Server.h">
      <Filter>02. GameObject\03. Monster\CommonBehavior\Action\Move</Filter>
    </ClInclude>
    <ClInclude Include="..\Public\Common_BT_Spawn_Server.h">
      <Filter>02. GameObject\03. Monster\CommonBehavior\Action\Spawn</Filter>
    </ClInclude>
    <ClInclude Include="..\Public\Common_BT_IF_Downed_Server.h">
      <Filter>02. GameObject\03. Monster\CommonBehavior\Decorator</Filter>
    </ClInclude>
    <ClInclude Include="..\Public\Common_BT_IF_TwistLand_Server.h">
      <Filter>02. GameObject\03. Monster\CommonBehavior\Decorator</Filter>
    </ClInclude>
    <ClInclude Include="..\Public\Common_BT_IF_BoundLand_Server.h">
      <Filter>02. GameObject\03. Monster\CommonBehavior\Decorator</Filter>
    </ClInclude>
    <ClInclude Include="..\Public\Common_BT_IF_FirstHit_Server.h">
      <Filter>02. GameObject\03. Monster\CommonBehavior\Decorator</Filter>
    </ClInclude>
    <ClInclude Include="..\Public\ChaosDungean_Server.h">
      <Filter>02. GameObject\06. ChaosDungean</Filter>
    </ClInclude>
    <ClInclude Include="..\Public\Boss_BT_Counter_Server.h">
      <Filter>02. GameObject\04. Boss\Behavior\Action</Filter>
    </ClInclude>
    <ClInclude Include="..\Public\Boss_BT_IF_Countered_Server.h">
      <Filter>02. GameObject\04. Boss\Behavior\Decorator</Filter>
    </ClInclude>
    <ClInclude Include="..\Public\Common_BT_BoundLand_Server.h">
      <Filter>02. GameObject\03. Monster\CommonBehavior\Action\Hit\Bound</Filter>
    </ClInclude>
    <ClInclude Include="..\Public\Common_BT_Bound_Server.h">
      <Filter>02. GameObject\03. Monster\CommonBehavior\Action\Hit\Bound</Filter>
    </ClInclude>
    <ClInclude Include="..\Public\Common_BT_Damage1_Server.h">
      <Filter>02. GameObject\03. Monster\CommonBehavior\Action\Hit\Damage</Filter>
    </ClInclude>
    <ClInclude Include="..\Public\Common_BT_Damage2_Server.h">
      <Filter>02. GameObject\03. Monster\CommonBehavior\Action\Hit\Damage</Filter>
    </ClInclude>
    <ClInclude Include="..\Public\Common_BT_Twist_Server.h">
      <Filter>02. GameObject\03. Monster\CommonBehavior\Action\Hit\Twist</Filter>
    </ClInclude>
    <ClInclude Include="..\Public\Common_BT_TwistLand_Server.h">
      <Filter>02. GameObject\03. Monster\CommonBehavior\Action\Hit\Twist</Filter>
    </ClInclude>
    <ClInclude Include="..\Public\Common_BT_Stand_Server.h">
      <Filter>02. GameObject\03. Monster\CommonBehavior\Action\Hit\Stand</Filter>
    </ClInclude>
    <ClInclude Include="..\Public\Common_BT_Dead_Server.h">
      <Filter>02. GameObject\03. Monster\CommonBehavior\Action\Hit\Dead</Filter>
    </ClInclude>
    <ClInclude Include="..\Public\Common_BT_Earthquake_Server.h">
      <Filter>02. GameObject\03. Monster\CommonBehavior\Action\Hit\Maz\Earthquake</Filter>
    </ClInclude>
    <ClInclude Include="..\Public\Common_BT_Fear_Server.h">
      <Filter>02. GameObject\03. Monster\CommonBehavior\Action\Hit\Maz\Fear</Filter>
    </ClInclude>
    <ClInclude Include="..\Public\Common_BT_Stun_Server.h">
      <Filter>02. GameObject\03. Monster\CommonBehavior\Action\Hit\Maz\Stun</Filter>
    </ClInclude>
    <ClInclude Include="..\Public\Common_BT_Bug_Server.h">
      <Filter>02. GameObject\03. Monster\CommonBehavior\Action\Hit\Maz\Bug</Filter>
    </ClInclude>
    <ClInclude Include="..\Public\Common_BT_Shock_Server.h">
      <Filter>02. GameObject\03. Monster\CommonBehavior\Action\Hit\Maz\Shock</Filter>
    </ClInclude>
    <ClInclude Include="..\Public\PartyManager.h">
      <Filter>97. Manager\02. PartyManager</Filter>
    </ClInclude>
    <ClInclude Include="..\Public\Party_Server.h">
      <Filter>97. Manager\02. PartyManager\Party</Filter>
    </ClInclude>
    <ClInclude Include="..\Public\Common_BT_IF_Fear_Server.h">
      <Filter>02. GameObject\03. Monster\CommonBehavior\Decorator</Filter>
    </ClInclude>
    <ClInclude Include="..\Public\Common_BT_IF_Shock_Server.h">
      <Filter>02. GameObject\03. Monster\CommonBehavior\Decorator</Filter>
    </ClInclude>
    <ClInclude Include="..\Public\Common_BT_IF_Stun_Server.h">
      <Filter>02. GameObject\03. Monster\CommonBehavior\Decorator</Filter>
    </ClInclude>
    <ClInclude Include="..\Public\Common_BT_IF_Bug_Server.h">
      <Filter>02. GameObject\03. Monster\CommonBehavior\Decorator</Filter>
    </ClInclude>
    <ClInclude Include="..\Public\Common_BT_IF_Earthquake_Server.h">
      <Filter>02. GameObject\03. Monster\CommonBehavior\Decorator</Filter>
    </ClInclude>
    <ClInclude Include="..\Public\Boss_Valtan_Server.h">
      <Filter>02. GameObject\04. Boss\Valtan</Filter>
    </ClInclude>
    <ClInclude Include="..\Public\Boss_BT_Groggy_Server.h">
      <Filter>02. GameObject\04. Boss\Behavior\Action</Filter>
    </ClInclude>
    <ClInclude Include="..\Public\Boss_BT_IF_Groggy_Server.h">
      <Filter>02. GameObject\04. Boss\Behavior\Decorator</Filter>
    </ClInclude>
    <ClInclude Include="..\Public\Valtan_BT_Attack_Attack0_Server.h">
      <Filter>02. GameObject\04. Boss\Valtan\Behavior\Action_Attack</Filter>
    </ClInclude>
    <ClInclude Include="..\Public\Valtan_BT_Attack_Attack1_Server.h">
      <Filter>02. GameObject\04. Boss\Valtan\Behavior\Action_Attack</Filter>
    </ClInclude>
    <ClInclude Include="..\Public\Valtan_BT_Attack_Attack2_Server.h">
      <Filter>02. GameObject\04. Boss\Valtan\Behavior\Action_Attack</Filter>
    </ClInclude>
    <ClInclude Include="..\Public\Valtan_BT_Attack_Attack3_Server.h">
      <Filter>02. GameObject\04. Boss\Valtan\Behavior\Action_Attack</Filter>
    </ClInclude>
    <ClInclude Include="..\Public\Valtan_BT_Attack_Attack4_Server.h">
      <Filter>02. GameObject\04. Boss\Valtan\Behavior\Action_Attack</Filter>
    </ClInclude>
    <ClInclude Include="..\Public\Valtan_BT_Attack_Attack5_Server.h">
      <Filter>02. GameObject\04. Boss\Valtan\Behavior\Action_Attack</Filter>
    </ClInclude>
    <ClInclude Include="..\Public\Valtan_BT_Attack_Attack6_Server.h">
      <Filter>02. GameObject\04. Boss\Valtan\Behavior\Action_Attack</Filter>
    </ClInclude>
    <ClInclude Include="..\Public\Valtan_BT_Attack_Attack7_Server.h">
      <Filter>02. GameObject\04. Boss\Valtan\Behavior\Action_Attack</Filter>
    </ClInclude>
    <ClInclude Include="..\Public\Valtan_BT_Attack_Attack8_Server.h">
      <Filter>02. GameObject\04. Boss\Valtan\Behavior\Action_Attack</Filter>
    </ClInclude>
    <ClInclude Include="..\Public\Valtan_BT_Attack_Attack9_Server.h">
      <Filter>02. GameObject\04. Boss\Valtan\Behavior\Action_Attack</Filter>
    </ClInclude>
    <ClInclude Include="..\Public\Valtan_BT_Attack_Attack10_Server.h">
      <Filter>02. GameObject\04. Boss\Valtan\Behavior\Action_Attack</Filter>
    </ClInclude>
    <ClInclude Include="..\Public\Valtan_BT_Attack_Attack11_Server.h">
      <Filter>02. GameObject\04. Boss\Valtan\Behavior\Action_Attack</Filter>
    </ClInclude>
    <ClInclude Include="..\Public\Valtan_BT_Attack_Attack12_Server.h">
      <Filter>02. GameObject\04. Boss\Valtan\Behavior\Action_Attack</Filter>
    </ClInclude>
    <ClInclude Include="..\Public\Valtan_BT_Attack_Attack13_Server.h">
      <Filter>02. GameObject\04. Boss\Valtan\Behavior\Action_Attack</Filter>
    </ClInclude>
    <ClInclude Include="..\Public\Valtan_BT_Attack_Attack14_Server.h">
      <Filter>02. GameObject\04. Boss\Valtan\Behavior\Action_Attack</Filter>
    </ClInclude>
    <ClInclude Include="..\Public\Valtan_BT_Attack_Attack16_Server.h">
      <Filter>02. GameObject\04. Boss\Valtan\Behavior\Action_Attack</Filter>
    </ClInclude>
    <ClInclude Include="..\Public\Valtan_BT_Attack_Attack17_1_Server.h">
      <Filter>02. GameObject\04. Boss\Valtan\Behavior\Action_Attack</Filter>
    </ClInclude>
    <ClInclude Include="..\Public\Valtan_BT_Attack_Attack19_Server.h">
      <Filter>02. GameObject\04. Boss\Valtan\Behavior\Action_Attack</Filter>
    </ClInclude>
    <ClInclude Include="..\Public\Valtan_BT_Attack_Attack20_Server.h">
      <Filter>02. GameObject\04. Boss\Valtan\Behavior\Action_Attack</Filter>
    </ClInclude>
    <ClInclude Include="..\Public\Valtan_BT_Attack_Attack21_Server.h">
      <Filter>02. GameObject\04. Boss\Valtan\Behavior\Action_Attack</Filter>
    </ClInclude>
    <ClInclude Include="..\Public\Valtan_BT_IF_Phase1_Server.h">
      <Filter>02. GameObject\04. Boss\Valtan\Behavior\Decorator</Filter>
    </ClInclude>
    <ClInclude Include="..\Public\Valtan_BT_IF_NoArmor_Server.h">
      <Filter>02. GameObject\04. Boss\Valtan\Behavior\Decorator</Filter>
    </ClInclude>
    <ClInclude Include="..\Public\Valtan_BT_Attack_Attack23_Server.h">
      <Filter>02. GameObject\04. Boss\Valtan\Behavior\Action_Attack</Filter>
    </ClInclude>
    <ClInclude Include="..\Public\Valtan_BT_Attack_Attack24_Server.h">
      <Filter>02. GameObject\04. Boss\Valtan\Behavior\Action_Attack</Filter>
    </ClInclude>
    <ClInclude Include="..\Public\Valtan_BT_Attack_Attack22_Server.h">
      <Filter>02. GameObject\04. Boss\Valtan\Behavior\Action_Attack</Filter>
    </ClInclude>
    <ClInclude Include="..\Public\Valtan_BT_IF_Phase2_Server.h">
      <Filter>02. GameObject\04. Boss\Valtan\Behavior\Decorator</Filter>
    </ClInclude>
    <ClInclude Include="..\Public\Valtan_BT_IF_Phase3_Server.h">
      <Filter>02. GameObject\04. Boss\Valtan\Behavior\Decorator</Filter>
    </ClInclude>
    <ClInclude Include="..\Public\Valtan_BT_IF_Hp_UnderRatio.h">
      <Filter>02. GameObject\04. Boss\Valtan\Behavior\Decorator</Filter>
    </ClInclude>
    <ClInclude Include="..\Public\Valtan_BT_IF_Armor_Server.h">
      <Filter>02. GameObject\04. Boss\Valtan\Behavior\Decorator</Filter>
    </ClInclude>
    <ClInclude Include="..\Public\Valtan_BT_Repeat_Server.h">
      <Filter>02. GameObject\04. Boss\Valtan\Behavior\Decorator</Filter>
    </ClInclude>
    <ClInclude Include="..\Public\Common_BT_IF_SecondHit_Server.h">
      <Filter>02. GameObject\03. Monster\CommonBehavior\Decorator</Filter>
    </ClInclude>
    <ClInclude Include="..\Public\Boss_BT_IF_ArmorBreak_Server.h">
      <Filter>02. GameObject\04. Boss\Behavior\Decorator</Filter>
    </ClInclude>
    <ClInclude Include="..\Public\Boss_BT_ArmorBreak_Server.h">
      <Filter>02. GameObject\04. Boss\Behavior\Action</Filter>
    </ClInclude>
    <ClInclude Include="..\Public\Valtan_BT_Phase2_Server.h">
      <Filter>02. GameObject\04. Boss\Valtan\Behavior\Action_Phase2</Filter>
    </ClInclude>
    <ClInclude Include="..\Public\Valtan_BT_Phase3_Server.h">
      <Filter>02. GameObject\04. Boss\Valtan\Behavior\Action_Phase3</Filter>
    </ClInclude>
    <ClInclude Include="..\Public\Valtan_BT_Attack_Attack17_2_Server.h">
      <Filter>02. GameObject\04. Boss\Valtan\Behavior\Action_Attack</Filter>
    </ClInclude>
    <ClInclude Include="..\Public\Valtan_BT_Attack_Attack17_3_Server.h">
      <Filter>02. GameObject\04. Boss\Valtan\Behavior\Action_Attack</Filter>
    </ClInclude>
    <ClInclude Include="..\Public\Valtan_BT_Attack_Attack2_1_Server.h">
      <Filter>02. GameObject\04. Boss\Valtan\Behavior\Action_Attack</Filter>
    </ClInclude>
    <ClInclude Include="..\Public\Valtan_BT_Attack_Attack15_Server.h">
      <Filter>02. GameObject\04. Boss\Valtan\Behavior\Action_Attack</Filter>
    </ClInclude>
    <ClInclude Include="..\Public\Npc_Server.h">
      <Filter>02. GameObject\07. Npc</Filter>
    </ClInclude>
    <ClInclude Include="..\Public\Guide_Chaos_Npc_Server.h">
      <Filter>02. GameObject\07. Npc\Guide_Npc</Filter>
    </ClInclude>
    <ClInclude Include="..\Public\ValtanMain_Server.h">
      <Filter>02. GameObject\08. ValtanRaid\ValtanMain</Filter>
    </ClInclude>
    <ClInclude Include="..\Public\Valtan_BT_IF_Hp_UnderRatioMultiple.h">
      <Filter>02. GameObject\04. Boss\Valtan\Behavior\Decorator</Filter>
    </ClInclude>
    <ClInclude Include="..\Public\Monster_Prison_Server.h">
      <Filter>02. GameObject\03. Monster\Monster_Prison</Filter>
    </ClInclude>
    <ClInclude Include="..\Public\BreakAbleObject_Server.h">
      <Filter>02. GameObject\09. BreakAbleObject</Filter>
    </ClInclude>
  </ItemGroup>
  <ItemGroup>
    <None Include="..\..\Protobuf\bin\Enum.proto">
      <Filter>95. Network\Protocol</Filter>
    </None>
    <None Include="..\..\Protobuf\bin\Protocol.proto">
      <Filter>95. Network\Protocol</Filter>
    </None>
    <None Include="..\..\Protobuf\bin\Struct.proto">
      <Filter>95. Network\Protocol</Filter>
    </None>
  </ItemGroup>
</Project>